// !$*UTF8*$!
{
	archiveVersion = 1;
	classes = {
	};
	objectVersion = 56;
	objects = {

/* Begin PBXBuildFile section */
		556D338B2B1AC5D80093A9C7 /* AppDelegate.swift in Sources */ = {isa = PBXBuildFile; fileRef = 556D338A2B1AC5D80093A9C7 /* AppDelegate.swift */; };
		556D338D2B1AC5D80093A9C7 /* SceneDelegate.swift in Sources */ = {isa = PBXBuildFile; fileRef = 556D338C2B1AC5D80093A9C7 /* SceneDelegate.swift */; };
		556D338F2B1AC5D80093A9C7 /* ViewController.swift in Sources */ = {isa = PBXBuildFile; fileRef = 556D338E2B1AC5D80093A9C7 /* ViewController.swift */; };
		556D33922B1AC5D80093A9C7 /* Main.storyboard in Resources */ = {isa = PBXBuildFile; fileRef = 556D33902B1AC5D80093A9C7 /* Main.storyboard */; };
		556D33942B1AC5D90093A9C7 /* Assets.xcassets in Resources */ = {isa = PBXBuildFile; fileRef = 556D33932B1AC5D90093A9C7 /* Assets.xcassets */; };
		556D33972B1AC5D90093A9C7 /* LaunchScreen.storyboard in Resources */ = {isa = PBXBuildFile; fileRef = 556D33952B1AC5D90093A9C7 /* LaunchScreen.storyboard */; };
		5571212F2B1B999F00CE125E /* RESTClient.swift in Sources */ = {isa = PBXBuildFile; fileRef = 5571212E2B1B999F00CE125E /* RESTClient.swift */; };
		557121312B1BA70000CE125E /* StatusCode.swift in Sources */ = {isa = PBXBuildFile; fileRef = 557121302B1BA70000CE125E /* StatusCode.swift */; };
		557121332B1BAC9F00CE125E /* Character.swift in Sources */ = {isa = PBXBuildFile; fileRef = 557121322B1BAC9F00CE125E /* Character.swift */; };
		557121352B1BAD6500CE125E /* PaginatedResponse.swift in Sources */ = {isa = PBXBuildFile; fileRef = 557121342B1BAD6500CE125E /* PaginatedResponse.swift */; };
		55C08BFB2B1B8B2400324E38 /* Client.swift in Sources */ = {isa = PBXBuildFile; fileRef = 55C08BFA2B1B8B2400324E38 /* Client.swift */; };
/* End PBXBuildFile section */

/* Begin PBXFileReference section */
		556D33872B1AC5D80093A9C7 /* RickAndMortyApp Form.app */ = {isa = PBXFileReference; explicitFileType = wrapper.application; includeInIndex = 0; path = "RickAndMortyApp Form.app"; sourceTree = BUILT_PRODUCTS_DIR; };
		556D338A2B1AC5D80093A9C7 /* AppDelegate.swift */ = {isa = PBXFileReference; lastKnownFileType = sourcecode.swift; path = AppDelegate.swift; sourceTree = "<group>"; };
		556D338C2B1AC5D80093A9C7 /* SceneDelegate.swift */ = {isa = PBXFileReference; lastKnownFileType = sourcecode.swift; path = SceneDelegate.swift; sourceTree = "<group>"; };
		556D338E2B1AC5D80093A9C7 /* ViewController.swift */ = {isa = PBXFileReference; lastKnownFileType = sourcecode.swift; path = ViewController.swift; sourceTree = "<group>"; };
		556D33912B1AC5D80093A9C7 /* Base */ = {isa = PBXFileReference; lastKnownFileType = file.storyboard; name = Base; path = Base.lproj/Main.storyboard; sourceTree = "<group>"; };
		556D33932B1AC5D90093A9C7 /* Assets.xcassets */ = {isa = PBXFileReference; lastKnownFileType = folder.assetcatalog; path = Assets.xcassets; sourceTree = "<group>"; };
		556D33962B1AC5D90093A9C7 /* Base */ = {isa = PBXFileReference; lastKnownFileType = file.storyboard; name = Base; path = Base.lproj/LaunchScreen.storyboard; sourceTree = "<group>"; };
		556D33982B1AC5D90093A9C7 /* Info.plist */ = {isa = PBXFileReference; lastKnownFileType = text.plist.xml; path = Info.plist; sourceTree = "<group>"; };
		5571212E2B1B999F00CE125E /* RESTClient.swift */ = {isa = PBXFileReference; lastKnownFileType = sourcecode.swift; path = RESTClient.swift; sourceTree = "<group>"; };
		557121302B1BA70000CE125E /* StatusCode.swift */ = {isa = PBXFileReference; lastKnownFileType = sourcecode.swift; path = StatusCode.swift; sourceTree = "<group>"; };
		557121322B1BAC9F00CE125E /* Character.swift */ = {isa = PBXFileReference; lastKnownFileType = sourcecode.swift; path = Character.swift; sourceTree = "<group>"; };
		557121342B1BAD6500CE125E /* PaginatedResponse.swift */ = {isa = PBXFileReference; lastKnownFileType = sourcecode.swift; path = PaginatedResponse.swift; sourceTree = "<group>"; };
		55C08BFA2B1B8B2400324E38 /* Client.swift */ = {isa = PBXFileReference; lastKnownFileType = sourcecode.swift; path = Client.swift; sourceTree = "<group>"; };
/* End PBXFileReference section */

/* Begin PBXFrameworksBuildPhase section */
		556D33842B1AC5D80093A9C7 /* Frameworks */ = {
			isa = PBXFrameworksBuildPhase;
			buildActionMask = 2147483647;
			files = (
			);
			runOnlyForDeploymentPostprocessing = 0;
		};
/* End PBXFrameworksBuildPhase section */

/* Begin PBXGroup section */
		556D337E2B1AC5D80093A9C7 = {
			isa = PBXGroup;
			children = (
				556D33892B1AC5D80093A9C7 /* RickAndMortyApp Form */,
				556D33882B1AC5D80093A9C7 /* Products */,
			);
			sourceTree = "<group>";
		};
		556D33882B1AC5D80093A9C7 /* Products */ = {
			isa = PBXGroup;
			children = (
				556D33872B1AC5D80093A9C7 /* RickAndMortyApp Form.app */,
			);
			name = Products;
			sourceTree = "<group>";
		};
		556D33892B1AC5D80093A9C7 /* RickAndMortyApp Form */ = {
			isa = PBXGroup;
			children = (
				556D338A2B1AC5D80093A9C7 /* AppDelegate.swift */,
				556D338C2B1AC5D80093A9C7 /* SceneDelegate.swift */,
				556D338E2B1AC5D80093A9C7 /* ViewController.swift */,
				557121342B1BAD6500CE125E /* PaginatedResponse.swift */,
				55A849B32B6568C1001C29DE /* Network */,
				557121322B1BAC9F00CE125E /* Character.swift */,
				556D33902B1AC5D80093A9C7 /* Main.storyboard */,
				556D33932B1AC5D90093A9C7 /* Assets.xcassets */,
				556D33952B1AC5D90093A9C7 /* LaunchScreen.storyboard */,
				556D33982B1AC5D90093A9C7 /* Info.plist */,
			);
			path = "RickAndMortyApp Form";
			sourceTree = "<group>";
		};
		55A849B32B6568C1001C29DE /* Network */ = {
			isa = PBXGroup;
			children = (
				557121302B1BA70000CE125E /* StatusCode.swift */,
				55C08BFA2B1B8B2400324E38 /* Client.swift */,
				5571212E2B1B999F00CE125E /* RESTClient.swift */,
			);
			path = Network;
			sourceTree = "<group>";
		};
/* End PBXGroup section */

/* Begin PBXNativeTarget section */
		556D33862B1AC5D80093A9C7 /* RickAndMortyApp Form */ = {
			isa = PBXNativeTarget;
			buildConfigurationList = 556D339B2B1AC5D90093A9C7 /* Build configuration list for PBXNativeTarget "RickAndMortyApp Form" */;
			buildPhases = (
				556D33832B1AC5D80093A9C7 /* Sources */,
				556D33842B1AC5D80093A9C7 /* Frameworks */,
				556D33852B1AC5D80093A9C7 /* Resources */,
			);
			buildRules = (
			);
			dependencies = (
			);
			name = "RickAndMortyApp Form";
			productName = "RickAndMortyApp Form";
			productReference = 556D33872B1AC5D80093A9C7 /* RickAndMortyApp Form.app */;
			productType = "com.apple.product-type.application";
		};
/* End PBXNativeTarget section */

/* Begin PBXProject section */
		556D337F2B1AC5D80093A9C7 /* Project object */ = {
			isa = PBXProject;
			attributes = {
				BuildIndependentTargetsInParallel = 1;
				LastSwiftUpdateCheck = 1500;
				LastUpgradeCheck = 1500;
				TargetAttributes = {
					556D33862B1AC5D80093A9C7 = {
						CreatedOnToolsVersion = 15.0;
					};
				};
			};
			buildConfigurationList = 556D33822B1AC5D80093A9C7 /* Build configuration list for PBXProject "RickAndMortyApp Form" */;
			compatibilityVersion = "Xcode 14.0";
			developmentRegion = en;
			hasScannedForEncodings = 0;
			knownRegions = (
				en,
				Base,
			);
			mainGroup = 556D337E2B1AC5D80093A9C7;
			productRefGroup = 556D33882B1AC5D80093A9C7 /* Products */;
			projectDirPath = "";
			projectRoot = "";
			targets = (
				556D33862B1AC5D80093A9C7 /* RickAndMortyApp Form */,
			);
		};
/* End PBXProject section */

/* Begin PBXResourcesBuildPhase section */
		556D33852B1AC5D80093A9C7 /* Resources */ = {
			isa = PBXResourcesBuildPhase;
			buildActionMask = 2147483647;
			files = (
				556D33972B1AC5D90093A9C7 /* LaunchScreen.storyboard in Resources */,
				556D33942B1AC5D90093A9C7 /* Assets.xcassets in Resources */,
				556D33922B1AC5D80093A9C7 /* Main.storyboard in Resources */,
			);
			runOnlyForDeploymentPostprocessing = 0;
		};
/* End PBXResourcesBuildPhase section */

/* Begin PBXSourcesBuildPhase section */
		556D33832B1AC5D80093A9C7 /* Sources */ = {
			isa = PBXSourcesBuildPhase;
			buildActionMask = 2147483647;
			files = (
				556D338F2B1AC5D80093A9C7 /* ViewController.swift in Sources */,
				556D338B2B1AC5D80093A9C7 /* AppDelegate.swift in Sources */,
				557121332B1BAC9F00CE125E /* Character.swift in Sources */,
				557121312B1BA70000CE125E /* StatusCode.swift in Sources */,
				55C08BFB2B1B8B2400324E38 /* Client.swift in Sources */,
				5571212F2B1B999F00CE125E /* RESTClient.swift in Sources */,
				557121352B1BAD6500CE125E /* PaginatedResponse.swift in Sources */,
				556D338D2B1AC5D80093A9C7 /* SceneDelegate.swift in Sources */,
			);
			runOnlyForDeploymentPostprocessing = 0;
		};
/* End PBXSourcesBuildPhase section */

/* Begin PBXVariantGroup section */
		556D33902B1AC5D80093A9C7 /* Main.storyboard */ = {
			isa = PBXVariantGroup;
			children = (
				556D33912B1AC5D80093A9C7 /* Base */,
			);
			name = Main.storyboard;
			sourceTree = "<group>";
		};
		556D33952B1AC5D90093A9C7 /* LaunchScreen.storyboard */ = {
			isa = PBXVariantGroup;
			children = (
				556D33962B1AC5D90093A9C7 /* Base */,
			);
			name = LaunchScreen.storyboard;
			sourceTree = "<group>";
		};
/* End PBXVariantGroup section */

/* Begin XCBuildConfiguration section */
		556D33992B1AC5D90093A9C7 /* Debug */ = {
			isa = XCBuildConfiguration;
			buildSettings = {
				ALWAYS_SEARCH_USER_PATHS = NO;
				ASSETCATALOG_COMPILER_GENERATE_SWIFT_ASSET_SYMBOL_EXTENSIONS = YES;
				CLANG_ANALYZER_NONNULL = YES;
				CLANG_ANALYZER_NUMBER_OBJECT_CONVERSION = YES_AGGRESSIVE;
				CLANG_CXX_LANGUAGE_STANDARD = "gnu++20";
				CLANG_ENABLE_MODULES = YES;
				CLANG_ENABLE_OBJC_ARC = YES;
				CLANG_ENABLE_OBJC_WEAK = YES;
				CLANG_WARN_BLOCK_CAPTURE_AUTORELEASING = YES;
				CLANG_WARN_BOOL_CONVERSION = YES;
				CLANG_WARN_COMMA = YES;
				CLANG_WARN_CONSTANT_CONVERSION = YES;
				CLANG_WARN_DEPRECATED_OBJC_IMPLEMENTATIONS = YES;
				CLANG_WARN_DIRECT_OBJC_ISA_USAGE = YES_ERROR;
				CLANG_WARN_DOCUMENTATION_COMMENTS = YES;
				CLANG_WARN_EMPTY_BODY = YES;
				CLANG_WARN_ENUM_CONVERSION = YES;
				CLANG_WARN_INFINITE_RECURSION = YES;
				CLANG_WARN_INT_CONVERSION = YES;
				CLANG_WARN_NON_LITERAL_NULL_CONVERSION = YES;
				CLANG_WARN_OBJC_IMPLICIT_RETAIN_SELF = YES;
				CLANG_WARN_OBJC_LITERAL_CONVERSION = YES;
				CLANG_WARN_OBJC_ROOT_CLASS = YES_ERROR;
				CLANG_WARN_QUOTED_INCLUDE_IN_FRAMEWORK_HEADER = YES;
				CLANG_WARN_RANGE_LOOP_ANALYSIS = YES;
				CLANG_WARN_STRICT_PROTOTYPES = YES;
				CLANG_WARN_SUSPICIOUS_MOVE = YES;
				CLANG_WARN_UNGUARDED_AVAILABILITY = YES_AGGRESSIVE;
				CLANG_WARN_UNREACHABLE_CODE = YES;
				CLANG_WARN__DUPLICATE_METHOD_MATCH = YES;
				COPY_PHASE_STRIP = NO;
				DEBUG_INFORMATION_FORMAT = dwarf;
				ENABLE_STRICT_OBJC_MSGSEND = YES;
				ENABLE_TESTABILITY = YES;
				ENABLE_USER_SCRIPT_SANDBOXING = YES;
				GCC_C_LANGUAGE_STANDARD = gnu17;
				GCC_DYNAMIC_NO_PIC = NO;
				GCC_NO_COMMON_BLOCKS = YES;
				GCC_OPTIMIZATION_LEVEL = 0;
				GCC_PREPROCESSOR_DEFINITIONS = (
					"DEBUG=1",
					"$(inherited)",
				);
				GCC_WARN_64_TO_32_BIT_CONVERSION = YES;
				GCC_WARN_ABOUT_RETURN_TYPE = YES_ERROR;
				GCC_WARN_UNDECLARED_SELECTOR = YES;
				GCC_WARN_UNINITIALIZED_AUTOS = YES_AGGRESSIVE;
				GCC_WARN_UNUSED_FUNCTION = YES;
				GCC_WARN_UNUSED_VARIABLE = YES;
				IPHONEOS_DEPLOYMENT_TARGET = 17.0;
				LOCALIZATION_PREFERS_STRING_CATALOGS = YES;
				MTL_ENABLE_DEBUG_INFO = INCLUDE_SOURCE;
				MTL_FAST_MATH = YES;
				ONLY_ACTIVE_ARCH = YES;
				SDKROOT = iphoneos;
				SWIFT_ACTIVE_COMPILATION_CONDITIONS = "DEBUG $(inherited)";
				SWIFT_OPTIMIZATION_LEVEL = "-Onone";
			};
			name = Debug;
		};
		556D339A2B1AC5D90093A9C7 /* Release */ = {
			isa = XCBuildConfiguration;
			buildSettings = {
				ALWAYS_SEARCH_USER_PATHS = NO;
				ASSETCATALOG_COMPILER_GENERATE_SWIFT_ASSET_SYMBOL_EXTENSIONS = YES;
				CLANG_ANALYZER_NONNULL = YES;
				CLANG_ANALYZER_NUMBER_OBJECT_CONVERSION = YES_AGGRESSIVE;
				CLANG_CXX_LANGUAGE_STANDARD = "gnu++20";
				CLANG_ENABLE_MODULES = YES;
				CLANG_ENABLE_OBJC_ARC = YES;
				CLANG_ENABLE_OBJC_WEAK = YES;
				CLANG_WARN_BLOCK_CAPTURE_AUTORELEASING = YES;
				CLANG_WARN_BOOL_CONVERSION = YES;
				CLANG_WARN_COMMA = YES;
				CLANG_WARN_CONSTANT_CONVERSION = YES;
				CLANG_WARN_DEPRECATED_OBJC_IMPLEMENTATIONS = YES;
				CLANG_WARN_DIRECT_OBJC_ISA_USAGE = YES_ERROR;
				CLANG_WARN_DOCUMENTATION_COMMENTS = YES;
				CLANG_WARN_EMPTY_BODY = YES;
				CLANG_WARN_ENUM_CONVERSION = YES;
				CLANG_WARN_INFINITE_RECURSION = YES;
				CLANG_WARN_INT_CONVERSION = YES;
				CLANG_WARN_NON_LITERAL_NULL_CONVERSION = YES;
				CLANG_WARN_OBJC_IMPLICIT_RETAIN_SELF = YES;
				CLANG_WARN_OBJC_LITERAL_CONVERSION = YES;
				CLANG_WARN_OBJC_ROOT_CLASS = YES_ERROR;
				CLANG_WARN_QUOTED_INCLUDE_IN_FRAMEWORK_HEADER = YES;
				CLANG_WARN_RANGE_LOOP_ANALYSIS = YES;
				CLANG_WARN_STRICT_PROTOTYPES = YES;
				CLANG_WARN_SUSPICIOUS_MOVE = YES;
				CLANG_WARN_UNGUARDED_AVAILABILITY = YES_AGGRESSIVE;
				CLANG_WARN_UNREACHABLE_CODE = YES;
				CLANG_WARN__DUPLICATE_METHOD_MATCH = YES;
				COPY_PHASE_STRIP = NO;
				DEBUG_INFORMATION_FORMAT = "dwarf-with-dsym";
				ENABLE_NS_ASSERTIONS = NO;
				ENABLE_STRICT_OBJC_MSGSEND = YES;
				ENABLE_USER_SCRIPT_SANDBOXING = YES;
				GCC_C_LANGUAGE_STANDARD = gnu17;
				GCC_NO_COMMON_BLOCKS = YES;
				GCC_WARN_64_TO_32_BIT_CONVERSION = YES;
				GCC_WARN_ABOUT_RETURN_TYPE = YES_ERROR;
				GCC_WARN_UNDECLARED_SELECTOR = YES;
				GCC_WARN_UNINITIALIZED_AUTOS = YES_AGGRESSIVE;
				GCC_WARN_UNUSED_FUNCTION = YES;
				GCC_WARN_UNUSED_VARIABLE = YES;
				IPHONEOS_DEPLOYMENT_TARGET = 17.0;
				LOCALIZATION_PREFERS_STRING_CATALOGS = YES;
				MTL_ENABLE_DEBUG_INFO = NO;
				MTL_FAST_MATH = YES;
				SDKROOT = iphoneos;
				SWIFT_COMPILATION_MODE = wholemodule;
				VALIDATE_PRODUCT = YES;
			};
			name = Release;
		};
		556D339C2B1AC5D90093A9C7 /* Debug */ = {
			isa = XCBuildConfiguration;
			buildSettings = {
				ASSETCATALOG_COMPILER_APPICON_NAME = AppIcon;
				ASSETCATALOG_COMPILER_GLOBAL_ACCENT_COLOR_NAME = AccentColor;
				CODE_SIGN_STYLE = Automatic;
				CURRENT_PROJECT_VERSION = 1;
				GENERATE_INFOPLIST_FILE = YES;
				INFOPLIST_FILE = "RickAndMortyApp Form/Info.plist";
				INFOPLIST_KEY_UIApplicationSupportsIndirectInputEvents = YES;
				INFOPLIST_KEY_UILaunchStoryboardName = LaunchScreen;
				INFOPLIST_KEY_UIMainStoryboardFile = Main;
				INFOPLIST_KEY_UISupportedInterfaceOrientations_iPad = "UIInterfaceOrientationPortrait UIInterfaceOrientationPortraitUpsideDown UIInterfaceOrientationLandscapeLeft UIInterfaceOrientationLandscapeRight";
				INFOPLIST_KEY_UISupportedInterfaceOrientations_iPhone = "UIInterfaceOrientationPortrait UIInterfaceOrientationLandscapeLeft UIInterfaceOrientationLandscapeRight";
				LD_RUNPATH_SEARCH_PATHS = (
					"$(inherited)",
					"@executable_path/Frameworks",
				);
				MARKETING_VERSION = 1.0;
				PRODUCT_BUNDLE_IDENTIFIER = "EduardoQ.RickAndMortyApp-Form";
				PRODUCT_NAME = "$(TARGET_NAME)";
				SWIFT_EMIT_LOC_STRINGS = YES;
				SWIFT_VERSION = 5.0;
				TARGETED_DEVICE_FAMILY = "1,2";
			};
			name = Debug;
		};
		556D339D2B1AC5D90093A9C7 /* Release */ = {
			isa = XCBuildConfiguration;
			buildSettings = {
				ASSETCATALOG_COMPILER_APPICON_NAME = AppIcon;
				ASSETCATALOG_COMPILER_GLOBAL_ACCENT_COLOR_NAME = AccentColor;
				CODE_SIGN_STYLE = Automatic;
				CURRENT_PROJECT_VERSION = 1;
				GENERATE_INFOPLIST_FILE = YES;
				INFOPLIST_FILE = "RickAndMortyApp Form/Info.plist";
				INFOPLIST_KEY_UIApplicationSupportsIndirectInputEvents = YES;
				INFOPLIST_KEY_UILaunchStoryboardName = LaunchScreen;
				INFOPLIST_KEY_UIMainStoryboardFile = Main;
				INFOPLIST_KEY_UISupportedInterfaceOrientations_iPad = "UIInterfaceOrientationPortrait UIInterfaceOrientationPortraitUpsideDown UIInterfaceOrientationLandscapeLeft UIInterfaceOrientationLandscapeRight";
				INFOPLIST_KEY_UISupportedInterfaceOrientations_iPhone = "UIInterfaceOrientationPortrait UIInterfaceOrientationLandscapeLeft UIInterfaceOrientationLandscapeRight";
				LD_RUNPATH_SEARCH_PATHS = (
					"$(inherited)",
					"@executable_path/Frameworks",
				);
				MARKETING_VERSION = 1.0;
				PRODUCT_BUNDLE_IDENTIFIER = "EduardoQ.RickAndMortyApp-Form";
				PRODUCT_NAME = "$(TARGET_NAME)";
				SWIFT_EMIT_LOC_STRINGS = YES;
				SWIFT_VERSION = 5.0;
				TARGETED_DEVICE_FAMILY = "1,2";
			};
			name = Release;
		};
/* End XCBuildConfiguration section */

/* Begin XCConfigurationList section */
		556D33822B1AC5D80093A9C7 /* Build configuration list for PBXProject "RickAndMortyApp Form" */ = {
			isa = XCConfigurationList;
			buildConfigurations = (
				556D33992B1AC5D90093A9C7 /* Debug */,
				556D339A2B1AC5D90093A9C7 /* Release */,
			);
			defaultConfigurationIsVisible = 0;
			defaultConfigurationName = Release;
		};
		556D339B2B1AC5D90093A9C7 /* Build configuration list for PBXNativeTarget "RickAndMortyApp Form" */ = {
			isa = XCConfigurationList;
			buildConfigurations = (
				556D339C2B1AC5D90093A9C7 /* Debug */,
				556D339D2B1AC5D90093A9C7 /* Release */,
			);
			defaultConfigurationIsVisible = 0;
			defaultConfigurationName = Release;
		};
/* End XCConfigurationList section */
	};
	rootObject = 556D337F2B1AC5D80093A9C7 /* Project object */;
}
